// !$*UTF8*$!
{
	archiveVersion = 1;
	classes = {
	};
	objectVersion = 51;
	objects = {

/* Begin PBXBuildFile section */
		580CE8032469FDFF00399538 /* AppDelegate.swift in Sources */ = {isa = PBXBuildFile; fileRef = 580CE8022469FDFF00399538 /* AppDelegate.swift */; };
		580CE8052469FDFF00399538 /* SceneDelegate.swift in Sources */ = {isa = PBXBuildFile; fileRef = 580CE8042469FDFF00399538 /* SceneDelegate.swift */; };
		580CE80A2469FDFF00399538 /* Main.storyboard in Resources */ = {isa = PBXBuildFile; fileRef = 580CE8082469FDFF00399538 /* Main.storyboard */; };
		580CE80C2469FE0500399538 /* Assets.xcassets in Resources */ = {isa = PBXBuildFile; fileRef = 580CE80B2469FE0500399538 /* Assets.xcassets */; };
		580CE80F2469FE0500399538 /* LaunchScreen.storyboard in Resources */ = {isa = PBXBuildFile; fileRef = 580CE80D2469FE0500399538 /* LaunchScreen.storyboard */; };
		580CE81A2469FE0500399538 /* ParstagramTests.swift in Sources */ = {isa = PBXBuildFile; fileRef = 580CE8192469FE0500399538 /* ParstagramTests.swift */; };
		580CE8252469FE0500399538 /* ParstagramUITests.swift in Sources */ = {isa = PBXBuildFile; fileRef = 580CE8242469FE0500399538 /* ParstagramUITests.swift */; };
		584D6790246A04D100970767 /* LoginViewController.swift in Sources */ = {isa = PBXBuildFile; fileRef = 584D678F246A04D100970767 /* LoginViewController.swift */; };
		584D6792246A04E700970767 /* FeedViewController.swift in Sources */ = {isa = PBXBuildFile; fileRef = 584D6791246A04E700970767 /* FeedViewController.swift */; };
		584D6794246A0A9F00970767 /* CameraViewController.swift in Sources */ = {isa = PBXBuildFile; fileRef = 584D6793246A0A9F00970767 /* CameraViewController.swift */; };
		58515EE0246A11F400BFD1A0 /* PostCell.swift in Sources */ = {isa = PBXBuildFile; fileRef = 58515EDF246A11F400BFD1A0 /* PostCell.swift */; };
		58515EE2246A363000BFD1A0 /* ProfileViewController.swift in Sources */ = {isa = PBXBuildFile; fileRef = 58515EE1246A363000BFD1A0 /* ProfileViewController.swift */; };
		58515EE4246A3CD200BFD1A0 /* ProfilePostCell.swift in Sources */ = {isa = PBXBuildFile; fileRef = 58515EE3246A3CD200BFD1A0 /* ProfilePostCell.swift */; };
		78C2F43919B3AE26BD830A8E /* Pods_Parstagram.framework in Frameworks */ = {isa = PBXBuildFile; fileRef = 3C42B438ECC3B47A5077B226 /* Pods_Parstagram.framework */; };
		89DBE2892A0975D66A4381CA /* Pods_Parstagram_ParstagramUITests.framework in Frameworks */ = {isa = PBXBuildFile; fileRef = 1D3759624079876F8947EA84 /* Pods_Parstagram_ParstagramUITests.framework */; };
		A848030A3C65F5E747702347 /* Pods_ParstagramTests.framework in Frameworks */ = {isa = PBXBuildFile; fileRef = 5CD2F91AB44E4A9DFD0ADE8A /* Pods_ParstagramTests.framework */; };
/* End PBXBuildFile section */

/* Begin PBXContainerItemProxy section */
		580CE8162469FE0500399538 /* PBXContainerItemProxy */ = {
			isa = PBXContainerItemProxy;
			containerPortal = 580CE7F72469FDFF00399538 /* Project object */;
			proxyType = 1;
			remoteGlobalIDString = 580CE7FE2469FDFF00399538;
			remoteInfo = Parstagram;
		};
		580CE8212469FE0500399538 /* PBXContainerItemProxy */ = {
			isa = PBXContainerItemProxy;
			containerPortal = 580CE7F72469FDFF00399538 /* Project object */;
			proxyType = 1;
			remoteGlobalIDString = 580CE7FE2469FDFF00399538;
			remoteInfo = Parstagram;
		};
/* End PBXContainerItemProxy section */

/* Begin PBXFileReference section */
		1D3759624079876F8947EA84 /* Pods_Parstagram_ParstagramUITests.framework */ = {isa = PBXFileReference; explicitFileType = wrapper.framework; includeInIndex = 0; path = Pods_Parstagram_ParstagramUITests.framework; sourceTree = BUILT_PRODUCTS_DIR; };
		2F9537A19870C538B719004A /* Pods-Parstagram.release.xcconfig */ = {isa = PBXFileReference; includeInIndex = 1; lastKnownFileType = text.xcconfig; name = "Pods-Parstagram.release.xcconfig"; path = "Target Support Files/Pods-Parstagram/Pods-Parstagram.release.xcconfig"; sourceTree = "<group>"; };
		3C42B438ECC3B47A5077B226 /* Pods_Parstagram.framework */ = {isa = PBXFileReference; explicitFileType = wrapper.framework; includeInIndex = 0; path = Pods_Parstagram.framework; sourceTree = BUILT_PRODUCTS_DIR; };
		51948A3288598735A76EC8D3 /* Pods-ParstagramTests.release.xcconfig */ = {isa = PBXFileReference; includeInIndex = 1; lastKnownFileType = text.xcconfig; name = "Pods-ParstagramTests.release.xcconfig"; path = "Target Support Files/Pods-ParstagramTests/Pods-ParstagramTests.release.xcconfig"; sourceTree = "<group>"; };
		580CE7FF2469FDFF00399538 /* Parstagram.app */ = {isa = PBXFileReference; explicitFileType = wrapper.application; includeInIndex = 0; path = Parstagram.app; sourceTree = BUILT_PRODUCTS_DIR; };
		580CE8022469FDFF00399538 /* AppDelegate.swift */ = {isa = PBXFileReference; lastKnownFileType = sourcecode.swift; path = AppDelegate.swift; sourceTree = "<group>"; };
		580CE8042469FDFF00399538 /* SceneDelegate.swift */ = {isa = PBXFileReference; lastKnownFileType = sourcecode.swift; path = SceneDelegate.swift; sourceTree = "<group>"; };
		580CE8092469FDFF00399538 /* Base */ = {isa = PBXFileReference; lastKnownFileType = file.storyboard; name = Base; path = Base.lproj/Main.storyboard; sourceTree = "<group>"; };
		580CE80B2469FE0500399538 /* Assets.xcassets */ = {isa = PBXFileReference; lastKnownFileType = folder.assetcatalog; path = Assets.xcassets; sourceTree = "<group>"; };
		580CE80E2469FE0500399538 /* Base */ = {isa = PBXFileReference; lastKnownFileType = file.storyboard; name = Base; path = Base.lproj/LaunchScreen.storyboard; sourceTree = "<group>"; };
		580CE8102469FE0500399538 /* Info.plist */ = {isa = PBXFileReference; lastKnownFileType = text.plist.xml; path = Info.plist; sourceTree = "<group>"; };
		580CE8152469FE0500399538 /* ParstagramTests.xctest */ = {isa = PBXFileReference; explicitFileType = wrapper.cfbundle; includeInIndex = 0; path = ParstagramTests.xctest; sourceTree = BUILT_PRODUCTS_DIR; };
		580CE8192469FE0500399538 /* ParstagramTests.swift */ = {isa = PBXFileReference; lastKnownFileType = sourcecode.swift; path = ParstagramTests.swift; sourceTree = "<group>"; };
		580CE81B2469FE0500399538 /* Info.plist */ = {isa = PBXFileReference; lastKnownFileType = text.plist.xml; path = Info.plist; sourceTree = "<group>"; };
		580CE8202469FE0500399538 /* ParstagramUITests.xctest */ = {isa = PBXFileReference; explicitFileType = wrapper.cfbundle; includeInIndex = 0; path = ParstagramUITests.xctest; sourceTree = BUILT_PRODUCTS_DIR; };
		580CE8242469FE0500399538 /* ParstagramUITests.swift */ = {isa = PBXFileReference; lastKnownFileType = sourcecode.swift; path = ParstagramUITests.swift; sourceTree = "<group>"; };
		580CE8262469FE0500399538 /* Info.plist */ = {isa = PBXFileReference; lastKnownFileType = text.plist.xml; path = Info.plist; sourceTree = "<group>"; };
		584D678F246A04D100970767 /* LoginViewController.swift */ = {isa = PBXFileReference; lastKnownFileType = sourcecode.swift; path = LoginViewController.swift; sourceTree = "<group>"; };
		584D6791246A04E700970767 /* FeedViewController.swift */ = {isa = PBXFileReference; lastKnownFileType = sourcecode.swift; path = FeedViewController.swift; sourceTree = "<group>"; };
		584D6793246A0A9F00970767 /* CameraViewController.swift */ = {isa = PBXFileReference; lastKnownFileType = sourcecode.swift; path = CameraViewController.swift; sourceTree = "<group>"; };
		58515EDF246A11F400BFD1A0 /* PostCell.swift */ = {isa = PBXFileReference; lastKnownFileType = sourcecode.swift; path = PostCell.swift; sourceTree = "<group>"; };
		58515EE1246A363000BFD1A0 /* ProfileViewController.swift */ = {isa = PBXFileReference; lastKnownFileType = sourcecode.swift; path = ProfileViewController.swift; sourceTree = "<group>"; };
		58515EE3246A3CD200BFD1A0 /* ProfilePostCell.swift */ = {isa = PBXFileReference; lastKnownFileType = sourcecode.swift; path = ProfilePostCell.swift; sourceTree = "<group>"; };
		5CD2F91AB44E4A9DFD0ADE8A /* Pods_ParstagramTests.framework */ = {isa = PBXFileReference; explicitFileType = wrapper.framework; includeInIndex = 0; path = Pods_ParstagramTests.framework; sourceTree = BUILT_PRODUCTS_DIR; };
		A08B52FE9C6E0146FD64F6FF /* Pods-ParstagramTests.debug.xcconfig */ = {isa = PBXFileReference; includeInIndex = 1; lastKnownFileType = text.xcconfig; name = "Pods-ParstagramTests.debug.xcconfig"; path = "Target Support Files/Pods-ParstagramTests/Pods-ParstagramTests.debug.xcconfig"; sourceTree = "<group>"; };
		DA468AAE4F5583CC6FF596E9 /* Pods-Parstagram.debug.xcconfig */ = {isa = PBXFileReference; includeInIndex = 1; lastKnownFileType = text.xcconfig; name = "Pods-Parstagram.debug.xcconfig"; path = "Target Support Files/Pods-Parstagram/Pods-Parstagram.debug.xcconfig"; sourceTree = "<group>"; };
		F7819C72AB080BA0A409C23B /* Pods-Parstagram-ParstagramUITests.release.xcconfig */ = {isa = PBXFileReference; includeInIndex = 1; lastKnownFileType = text.xcconfig; name = "Pods-Parstagram-ParstagramUITests.release.xcconfig"; path = "Target Support Files/Pods-Parstagram-ParstagramUITests/Pods-Parstagram-ParstagramUITests.release.xcconfig"; sourceTree = "<group>"; };
		F802BF067B3B43610E5F971E /* Pods-Parstagram-ParstagramUITests.debug.xcconfig */ = {isa = PBXFileReference; includeInIndex = 1; lastKnownFileType = text.xcconfig; name = "Pods-Parstagram-ParstagramUITests.debug.xcconfig"; path = "Target Support Files/Pods-Parstagram-ParstagramUITests/Pods-Parstagram-ParstagramUITests.debug.xcconfig"; sourceTree = "<group>"; };
/* End PBXFileReference section */

/* Begin PBXFrameworksBuildPhase section */
		580CE7FC2469FDFF00399538 /* Frameworks */ = {
			isa = PBXFrameworksBuildPhase;
			buildActionMask = 2147483647;
			files = (
				78C2F43919B3AE26BD830A8E /* Pods_Parstagram.framework in Frameworks */,
			);
			runOnlyForDeploymentPostprocessing = 0;
		};
		580CE8122469FE0500399538 /* Frameworks */ = {
			isa = PBXFrameworksBuildPhase;
			buildActionMask = 2147483647;
			files = (
				A848030A3C65F5E747702347 /* Pods_ParstagramTests.framework in Frameworks */,
			);
			runOnlyForDeploymentPostprocessing = 0;
		};
		580CE81D2469FE0500399538 /* Frameworks */ = {
			isa = PBXFrameworksBuildPhase;
			buildActionMask = 2147483647;
			files = (
				89DBE2892A0975D66A4381CA /* Pods_Parstagram_ParstagramUITests.framework in Frameworks */,
			);
			runOnlyForDeploymentPostprocessing = 0;
		};
/* End PBXFrameworksBuildPhase section */

/* Begin PBXGroup section */
		580CE7F62469FDFF00399538 = {
			isa = PBXGroup;
			children = (
				580CE8012469FDFF00399538 /* Parstagram */,
				580CE8182469FE0500399538 /* ParstagramTests */,
				580CE8232469FE0500399538 /* ParstagramUITests */,
				580CE8002469FDFF00399538 /* Products */,
				F5F69BE136F26761E6ADAF95 /* Pods */,
				840B873C0FAB9504F282EF80 /* Frameworks */,
			);
			sourceTree = "<group>";
		};
		580CE8002469FDFF00399538 /* Products */ = {
			isa = PBXGroup;
			children = (
				580CE7FF2469FDFF00399538 /* Parstagram.app */,
				580CE8152469FE0500399538 /* ParstagramTests.xctest */,
				580CE8202469FE0500399538 /* ParstagramUITests.xctest */,
			);
			name = Products;
			sourceTree = "<group>";
		};
		580CE8012469FDFF00399538 /* Parstagram */ = {
			isa = PBXGroup;
			children = (
				580CE8022469FDFF00399538 /* AppDelegate.swift */,
				580CE8042469FDFF00399538 /* SceneDelegate.swift */,
				580CE8082469FDFF00399538 /* Main.storyboard */,
				580CE80B2469FE0500399538 /* Assets.xcassets */,
				580CE80D2469FE0500399538 /* LaunchScreen.storyboard */,
				580CE8102469FE0500399538 /* Info.plist */,
				584D678F246A04D100970767 /* LoginViewController.swift */,
				584D6791246A04E700970767 /* FeedViewController.swift */,
				584D6793246A0A9F00970767 /* CameraViewController.swift */,
				58515EDF246A11F400BFD1A0 /* PostCell.swift */,
				58515EE1246A363000BFD1A0 /* ProfileViewController.swift */,
				58515EE3246A3CD200BFD1A0 /* ProfilePostCell.swift */,
			);
			path = Parstagram;
			sourceTree = "<group>";
		};
		580CE8182469FE0500399538 /* ParstagramTests */ = {
			isa = PBXGroup;
			children = (
				580CE8192469FE0500399538 /* ParstagramTests.swift */,
				580CE81B2469FE0500399538 /* Info.plist */,
			);
			path = ParstagramTests;
			sourceTree = "<group>";
		};
		580CE8232469FE0500399538 /* ParstagramUITests */ = {
			isa = PBXGroup;
			children = (
				580CE8242469FE0500399538 /* ParstagramUITests.swift */,
				580CE8262469FE0500399538 /* Info.plist */,
			);
			path = ParstagramUITests;
			sourceTree = "<group>";
		};
		840B873C0FAB9504F282EF80 /* Frameworks */ = {
			isa = PBXGroup;
			children = (
				3C42B438ECC3B47A5077B226 /* Pods_Parstagram.framework */,
				1D3759624079876F8947EA84 /* Pods_Parstagram_ParstagramUITests.framework */,
				5CD2F91AB44E4A9DFD0ADE8A /* Pods_ParstagramTests.framework */,
			);
			name = Frameworks;
			sourceTree = "<group>";
		};
		F5F69BE136F26761E6ADAF95 /* Pods */ = {
			isa = PBXGroup;
			children = (
				DA468AAE4F5583CC6FF596E9 /* Pods-Parstagram.debug.xcconfig */,
				2F9537A19870C538B719004A /* Pods-Parstagram.release.xcconfig */,
				F802BF067B3B43610E5F971E /* Pods-Parstagram-ParstagramUITests.debug.xcconfig */,
				F7819C72AB080BA0A409C23B /* Pods-Parstagram-ParstagramUITests.release.xcconfig */,
				A08B52FE9C6E0146FD64F6FF /* Pods-ParstagramTests.debug.xcconfig */,
				51948A3288598735A76EC8D3 /* Pods-ParstagramTests.release.xcconfig */,
			);
			path = Pods;
			sourceTree = "<group>";
		};
/* End PBXGroup section */

/* Begin PBXNativeTarget section */
		580CE7FE2469FDFF00399538 /* Parstagram */ = {
			isa = PBXNativeTarget;
			buildConfigurationList = 580CE8292469FE0500399538 /* Build configuration list for PBXNativeTarget "Parstagram" */;
			buildPhases = (
				28D7A4EB70970B27622E4382 /* [CP] Check Pods Manifest.lock */,
				580CE7FB2469FDFF00399538 /* Sources */,
				580CE7FC2469FDFF00399538 /* Frameworks */,
				580CE7FD2469FDFF00399538 /* Resources */,
				2F4D59463D4B6C5F5A679691 /* [CP] Embed Pods Frameworks */,
			);
			buildRules = (
			);
			dependencies = (
			);
			name = Parstagram;
			productName = Parstagram;
			productReference = 580CE7FF2469FDFF00399538 /* Parstagram.app */;
			productType = "com.apple.product-type.application";
		};
		580CE8142469FE0500399538 /* ParstagramTests */ = {
			isa = PBXNativeTarget;
			buildConfigurationList = 580CE82C2469FE0500399538 /* Build configuration list for PBXNativeTarget "ParstagramTests" */;
			buildPhases = (
				64C363F7D1332FAAAAFE5E3C /* [CP] Check Pods Manifest.lock */,
				580CE8112469FE0500399538 /* Sources */,
				580CE8122469FE0500399538 /* Frameworks */,
				580CE8132469FE0500399538 /* Resources */,
			);
			buildRules = (
			);
			dependencies = (
				580CE8172469FE0500399538 /* PBXTargetDependency */,
			);
			name = ParstagramTests;
			productName = ParstagramTests;
			productReference = 580CE8152469FE0500399538 /* ParstagramTests.xctest */;
			productType = "com.apple.product-type.bundle.unit-test";
		};
		580CE81F2469FE0500399538 /* ParstagramUITests */ = {
			isa = PBXNativeTarget;
			buildConfigurationList = 580CE82F2469FE0500399538 /* Build configuration list for PBXNativeTarget "ParstagramUITests" */;
			buildPhases = (
				9C10924760DDDCB98C690A64 /* [CP] Check Pods Manifest.lock */,
				580CE81C2469FE0500399538 /* Sources */,
				580CE81D2469FE0500399538 /* Frameworks */,
				580CE81E2469FE0500399538 /* Resources */,
				94DB2D42649A93B571B16F47 /* [CP] Embed Pods Frameworks */,
			);
			buildRules = (
			);
			dependencies = (
				580CE8222469FE0500399538 /* PBXTargetDependency */,
			);
			name = ParstagramUITests;
			productName = ParstagramUITests;
			productReference = 580CE8202469FE0500399538 /* ParstagramUITests.xctest */;
			productType = "com.apple.product-type.bundle.ui-testing";
		};
/* End PBXNativeTarget section */

/* Begin PBXProject section */
		580CE7F72469FDFF00399538 /* Project object */ = {
			isa = PBXProject;
			attributes = {
				LastSwiftUpdateCheck = 1140;
				LastUpgradeCheck = 1140;
				ORGANIZATIONNAME = "Maha Malik";
				TargetAttributes = {
					580CE7FE2469FDFF00399538 = {
						CreatedOnToolsVersion = 11.4;
					};
					580CE8142469FE0500399538 = {
						CreatedOnToolsVersion = 11.4;
						TestTargetID = 580CE7FE2469FDFF00399538;
					};
					580CE81F2469FE0500399538 = {
						CreatedOnToolsVersion = 11.4;
						TestTargetID = 580CE7FE2469FDFF00399538;
					};
				};
			};
			buildConfigurationList = 580CE7FA2469FDFF00399538 /* Build configuration list for PBXProject "Parstagram" */;
			compatibilityVersion = "Xcode 9.3";
			developmentRegion = en;
			hasScannedForEncodings = 0;
			knownRegions = (
				en,
				Base,
			);
			mainGroup = 580CE7F62469FDFF00399538;
			productRefGroup = 580CE8002469FDFF00399538 /* Products */;
			projectDirPath = "";
			projectRoot = "";
			targets = (
				580CE7FE2469FDFF00399538 /* Parstagram */,
				580CE8142469FE0500399538 /* ParstagramTests */,
				580CE81F2469FE0500399538 /* ParstagramUITests */,
			);
		};
/* End PBXProject section */

/* Begin PBXResourcesBuildPhase section */
		580CE7FD2469FDFF00399538 /* Resources */ = {
			isa = PBXResourcesBuildPhase;
			buildActionMask = 2147483647;
			files = (
				580CE80F2469FE0500399538 /* LaunchScreen.storyboard in Resources */,
				580CE80C2469FE0500399538 /* Assets.xcassets in Resources */,
				580CE80A2469FDFF00399538 /* Main.storyboard in Resources */,
			);
			runOnlyForDeploymentPostprocessing = 0;
		};
		580CE8132469FE0500399538 /* Resources */ = {
			isa = PBXResourcesBuildPhase;
			buildActionMask = 2147483647;
			files = (
			);
			runOnlyForDeploymentPostprocessing = 0;
		};
		580CE81E2469FE0500399538 /* Resources */ = {
			isa = PBXResourcesBuildPhase;
			buildActionMask = 2147483647;
			files = (
			);
			runOnlyForDeploymentPostprocessing = 0;
		};
/* End PBXResourcesBuildPhase section */

/* Begin PBXShellScriptBuildPhase section */
		28D7A4EB70970B27622E4382 /* [CP] Check Pods Manifest.lock */ = {
			isa = PBXShellScriptBuildPhase;
			buildActionMask = 2147483647;
			files = (
			);
			inputFileListPaths = (
			);
			inputPaths = (
				"${PODS_PODFILE_DIR_PATH}/Podfile.lock",
				"${PODS_ROOT}/Manifest.lock",
			);
			name = "[CP] Check Pods Manifest.lock";
			outputFileListPaths = (
			);
			outputPaths = (
				"$(DERIVED_FILE_DIR)/Pods-Parstagram-checkManifestLockResult.txt",
			);
			runOnlyForDeploymentPostprocessing = 0;
			shellPath = /bin/sh;
			shellScript = "diff \"${PODS_PODFILE_DIR_PATH}/Podfile.lock\" \"${PODS_ROOT}/Manifest.lock\" > /dev/null\nif [ $? != 0 ] ; then\n    # print error to STDERR\n    echo \"error: The sandbox is not in sync with the Podfile.lock. Run 'pod install' or update your CocoaPods installation.\" >&2\n    exit 1\nfi\n# This output is used by Xcode 'outputs' to avoid re-running this script phase.\necho \"SUCCESS\" > \"${SCRIPT_OUTPUT_FILE_0}\"\n";
			showEnvVarsInLog = 0;
		};
		2F4D59463D4B6C5F5A679691 /* [CP] Embed Pods Frameworks */ = {
			isa = PBXShellScriptBuildPhase;
			buildActionMask = 2147483647;
			files = (
			);
			inputFileListPaths = (
				"${PODS_ROOT}/Target Support Files/Pods-Parstagram/Pods-Parstagram-frameworks-${CONFIGURATION}-input-files.xcfilelist",
			);
			name = "[CP] Embed Pods Frameworks";
			outputFileListPaths = (
				"${PODS_ROOT}/Target Support Files/Pods-Parstagram/Pods-Parstagram-frameworks-${CONFIGURATION}-output-files.xcfilelist",
			);
			runOnlyForDeploymentPostprocessing = 0;
			shellPath = /bin/sh;
			shellScript = "\"${PODS_ROOT}/Target Support Files/Pods-Parstagram/Pods-Parstagram-frameworks.sh\"\n";
			showEnvVarsInLog = 0;
		};
		64C363F7D1332FAAAAFE5E3C /* [CP] Check Pods Manifest.lock */ = {
			isa = PBXShellScriptBuildPhase;
			buildActionMask = 2147483647;
			files = (
			);
			inputFileListPaths = (
			);
			inputPaths = (
				"${PODS_PODFILE_DIR_PATH}/Podfile.lock",
				"${PODS_ROOT}/Manifest.lock",
			);
			name = "[CP] Check Pods Manifest.lock";
			outputFileListPaths = (
			);
			outputPaths = (
				"$(DERIVED_FILE_DIR)/Pods-ParstagramTests-checkManifestLockResult.txt",
			);
			runOnlyForDeploymentPostprocessing = 0;
			shellPath = /bin/sh;
			shellScript = "diff \"${PODS_PODFILE_DIR_PATH}/Podfile.lock\" \"${PODS_ROOT}/Manifest.lock\" > /dev/null\nif [ $? != 0 ] ; then\n    # print error to STDERR\n    echo \"error: The sandbox is not in sync with the Podfile.lock. Run 'pod install' or update your CocoaPods installation.\" >&2\n    exit 1\nfi\n# This output is used by Xcode 'outputs' to avoid re-running this script phase.\necho \"SUCCESS\" > \"${SCRIPT_OUTPUT_FILE_0}\"\n";
			showEnvVarsInLog = 0;
		};
		94DB2D42649A93B571B16F47 /* [CP] Embed Pods Frameworks */ = {
			isa = PBXShellScriptBuildPhase;
			buildActionMask = 2147483647;
			files = (
			);
			inputFileListPaths = (
				"${PODS_ROOT}/Target Support Files/Pods-Parstagram-ParstagramUITests/Pods-Parstagram-ParstagramUITests-frameworks-${CONFIGURATION}-input-files.xcfilelist",
			);
			name = "[CP] Embed Pods Frameworks";
			outputFileListPaths = (
				"${PODS_ROOT}/Target Support Files/Pods-Parstagram-ParstagramUITests/Pods-Parstagram-ParstagramUITests-frameworks-${CONFIGURATION}-output-files.xcfilelist",
			);
			runOnlyForDeploymentPostprocessing = 0;
			shellPath = /bin/sh;
			shellScript = "\"${PODS_ROOT}/Target Support Files/Pods-Parstagram-ParstagramUITests/Pods-Parstagram-ParstagramUITests-frameworks.sh\"\n";
			showEnvVarsInLog = 0;
		};
		9C10924760DDDCB98C690A64 /* [CP] Check Pods Manifest.lock */ = {
			isa = PBXShellScriptBuildPhase;
			buildActionMask = 2147483647;
			files = (
			);
			inputFileListPaths = (
			);
			inputPaths = (
				"${PODS_PODFILE_DIR_PATH}/Podfile.lock",
				"${PODS_ROOT}/Manifest.lock",
			);
			name = "[CP] Check Pods Manifest.lock";
			outputFileListPaths = (
			);
			outputPaths = (
				"$(DERIVED_FILE_DIR)/Pods-Parstagram-ParstagramUITests-checkManifestLockResult.txt",
			);
			runOnlyForDeploymentPostprocessing = 0;
			shellPath = /bin/sh;
			shellScript = "diff \"${PODS_PODFILE_DIR_PATH}/Podfile.lock\" \"${PODS_ROOT}/Manifest.lock\" > /dev/null\nif [ $? != 0 ] ; then\n    # print error to STDERR\n    echo \"error: The sandbox is not in sync with the Podfile.lock. Run 'pod install' or update your CocoaPods installation.\" >&2\n    exit 1\nfi\n# This output is used by Xcode 'outputs' to avoid re-running this script phase.\necho \"SUCCESS\" > \"${SCRIPT_OUTPUT_FILE_0}\"\n";
			showEnvVarsInLog = 0;
		};
/* End PBXShellScriptBuildPhase section */

/* Begin PBXSourcesBuildPhase section */
		580CE7FB2469FDFF00399538 /* Sources */ = {
			isa = PBXSourcesBuildPhase;
			buildActionMask = 2147483647;
			files = (
				584D6790246A04D100970767 /* LoginViewController.swift in Sources */,
				584D6794246A0A9F00970767 /* CameraViewController.swift in Sources */,
				580CE8032469FDFF00399538 /* AppDelegate.swift in Sources */,
				584D6792246A04E700970767 /* FeedViewController.swift in Sources */,
				58515EE2246A363000BFD1A0 /* ProfileViewController.swift in Sources */,
				580CE8052469FDFF00399538 /* SceneDelegate.swift in Sources */,
				58515EE0246A11F400BFD1A0 /* PostCell.swift in Sources */,
				58515EE4246A3CD200BFD1A0 /* ProfilePostCell.swift in Sources */,
			);
			runOnlyForDeploymentPostprocessing = 0;
		};
		580CE8112469FE0500399538 /* Sources */ = {
			isa = PBXSourcesBuildPhase;
			buildActionMask = 2147483647;
			files = (
				580CE81A2469FE0500399538 /* ParstagramTests.swift in Sources */,
			);
			runOnlyForDeploymentPostprocessing = 0;
		};
		580CE81C2469FE0500399538 /* Sources */ = {
			isa = PBXSourcesBuildPhase;
			buildActionMask = 2147483647;
			files = (
				580CE8252469FE0500399538 /* ParstagramUITests.swift in Sources */,
			);
			runOnlyForDeploymentPostprocessing = 0;
		};
/* End PBXSourcesBuildPhase section */

/* Begin PBXTargetDependency section */
		580CE8172469FE0500399538 /* PBXTargetDependency */ = {
			isa = PBXTargetDependency;
			target = 580CE7FE2469FDFF00399538 /* Parstagram */;
			targetProxy = 580CE8162469FE0500399538 /* PBXContainerItemProxy */;
		};
		580CE8222469FE0500399538 /* PBXTargetDependency */ = {
			isa = PBXTargetDependency;
			target = 580CE7FE2469FDFF00399538 /* Parstagram */;
			targetProxy = 580CE8212469FE0500399538 /* PBXContainerItemProxy */;
		};
/* End PBXTargetDependency section */

/* Begin PBXVariantGroup section */
		580CE8082469FDFF00399538 /* Main.storyboard */ = {
			isa = PBXVariantGroup;
			children = (
				580CE8092469FDFF00399538 /* Base */,
			);
			name = Main.storyboard;
			sourceTree = "<group>";
		};
		580CE80D2469FE0500399538 /* LaunchScreen.storyboard */ = {
			isa = PBXVariantGroup;
			children = (
				580CE80E2469FE0500399538 /* Base */,
			);
			name = LaunchScreen.storyboard;
			sourceTree = "<group>";
		};
/* End PBXVariantGroup section */

/* Begin XCBuildConfiguration section */
		580CE8272469FE0500399538 /* Debug */ = {
			isa = XCBuildConfiguration;
			buildSettings = {
				ALWAYS_SEARCH_USER_PATHS = NO;
				CLANG_ANALYZER_NONNULL = YES;
				CLANG_ANALYZER_NUMBER_OBJECT_CONVERSION = YES_AGGRESSIVE;
				CLANG_CXX_LANGUAGE_STANDARD = "gnu++14";
				CLANG_CXX_LIBRARY = "libc++";
				CLANG_ENABLE_MODULES = YES;
				CLANG_ENABLE_OBJC_ARC = YES;
				CLANG_ENABLE_OBJC_WEAK = YES;
				CLANG_WARN_BLOCK_CAPTURE_AUTORELEASING = YES;
				CLANG_WARN_BOOL_CONVERSION = YES;
				CLANG_WARN_COMMA = YES;
				CLANG_WARN_CONSTANT_CONVERSION = YES;
				CLANG_WARN_DEPRECATED_OBJC_IMPLEMENTATIONS = YES;
				CLANG_WARN_DIRECT_OBJC_ISA_USAGE = YES_ERROR;
				CLANG_WARN_DOCUMENTATION_COMMENTS = YES;
				CLANG_WARN_EMPTY_BODY = YES;
				CLANG_WARN_ENUM_CONVERSION = YES;
				CLANG_WARN_INFINITE_RECURSION = YES;
				CLANG_WARN_INT_CONVERSION = YES;
				CLANG_WARN_NON_LITERAL_NULL_CONVERSION = YES;
				CLANG_WARN_OBJC_IMPLICIT_RETAIN_SELF = YES;
				CLANG_WARN_OBJC_LITERAL_CONVERSION = YES;
				CLANG_WARN_OBJC_ROOT_CLASS = YES_ERROR;
				CLANG_WARN_RANGE_LOOP_ANALYSIS = YES;
				CLANG_WARN_STRICT_PROTOTYPES = YES;
				CLANG_WARN_SUSPICIOUS_MOVE = YES;
				CLANG_WARN_UNGUARDED_AVAILABILITY = YES_AGGRESSIVE;
				CLANG_WARN_UNREACHABLE_CODE = YES;
				CLANG_WARN__DUPLICATE_METHOD_MATCH = YES;
				COPY_PHASE_STRIP = NO;
				DEBUG_INFORMATION_FORMAT = dwarf;
				ENABLE_STRICT_OBJC_MSGSEND = YES;
				ENABLE_TESTABILITY = YES;
				GCC_C_LANGUAGE_STANDARD = gnu11;
				GCC_DYNAMIC_NO_PIC = NO;
				GCC_NO_COMMON_BLOCKS = YES;
				GCC_OPTIMIZATION_LEVEL = 0;
				GCC_PREPROCESSOR_DEFINITIONS = (
					"DEBUG=1",
					"$(inherited)",
				);
				GCC_WARN_64_TO_32_BIT_CONVERSION = YES;
				GCC_WARN_ABOUT_RETURN_TYPE = YES_ERROR;
				GCC_WARN_UNDECLARED_SELECTOR = YES;
				GCC_WARN_UNINITIALIZED_AUTOS = YES_AGGRESSIVE;
				GCC_WARN_UNUSED_FUNCTION = YES;
				GCC_WARN_UNUSED_VARIABLE = YES;
				IPHONEOS_DEPLOYMENT_TARGET = 13.4;
				MTL_ENABLE_DEBUG_INFO = INCLUDE_SOURCE;
				MTL_FAST_MATH = YES;
				ONLY_ACTIVE_ARCH = YES;
				SDKROOT = iphoneos;
				SWIFT_ACTIVE_COMPILATION_CONDITIONS = DEBUG;
				SWIFT_OPTIMIZATION_LEVEL = "-Onone";
			};
			name = Debug;
		};
		580CE8282469FE0500399538 /* Release */ = {
			isa = XCBuildConfiguration;
			buildSettings = {
				ALWAYS_SEARCH_USER_PATHS = NO;
				CLANG_ANALYZER_NONNULL = YES;
				CLANG_ANALYZER_NUMBER_OBJECT_CONVERSION = YES_AGGRESSIVE;
				CLANG_CXX_LANGUAGE_STANDARD = "gnu++14";
				CLANG_CXX_LIBRARY = "libc++";
				CLANG_ENABLE_MODULES = YES;
				CLANG_ENABLE_OBJC_ARC = YES;
				CLANG_ENABLE_OBJC_WEAK = YES;
				CLANG_WARN_BLOCK_CAPTURE_AUTORELEASING = YES;
				CLANG_WARN_BOOL_CONVERSION = YES;
				CLANG_WARN_COMMA = YES;
				CLANG_WARN_CONSTANT_CONVERSION = YES;
				CLANG_WARN_DEPRECATED_OBJC_IMPLEMENTATIONS = YES;
				CLANG_WARN_DIRECT_OBJC_ISA_USAGE = YES_ERROR;
				CLANG_WARN_DOCUMENTATION_COMMENTS = YES;
				CLANG_WARN_EMPTY_BODY = YES;
				CLANG_WARN_ENUM_CONVERSION = YES;
				CLANG_WARN_INFINITE_RECURSION = YES;
				CLANG_WARN_INT_CONVERSION = YES;
				CLANG_WARN_NON_LITERAL_NULL_CONVERSION = YES;
				CLANG_WARN_OBJC_IMPLICIT_RETAIN_SELF = YES;
				CLANG_WARN_OBJC_LITERAL_CONVERSION = YES;
				CLANG_WARN_OBJC_ROOT_CLASS = YES_ERROR;
				CLANG_WARN_RANGE_LOOP_ANALYSIS = YES;
				CLANG_WARN_STRICT_PROTOTYPES = YES;
				CLANG_WARN_SUSPICIOUS_MOVE = YES;
				CLANG_WARN_UNGUARDED_AVAILABILITY = YES_AGGRESSIVE;
				CLANG_WARN_UNREACHABLE_CODE = YES;
				CLANG_WARN__DUPLICATE_METHOD_MATCH = YES;
				COPY_PHASE_STRIP = NO;
				DEBUG_INFORMATION_FORMAT = "dwarf-with-dsym";
				ENABLE_NS_ASSERTIONS = NO;
				ENABLE_STRICT_OBJC_MSGSEND = YES;
				GCC_C_LANGUAGE_STANDARD = gnu11;
				GCC_NO_COMMON_BLOCKS = YES;
				GCC_WARN_64_TO_32_BIT_CONVERSION = YES;
				GCC_WARN_ABOUT_RETURN_TYPE = YES_ERROR;
				GCC_WARN_UNDECLARED_SELECTOR = YES;
				GCC_WARN_UNINITIALIZED_AUTOS = YES_AGGRESSIVE;
				GCC_WARN_UNUSED_FUNCTION = YES;
				GCC_WARN_UNUSED_VARIABLE = YES;
				IPHONEOS_DEPLOYMENT_TARGET = 13.4;
				MTL_ENABLE_DEBUG_INFO = NO;
				MTL_FAST_MATH = YES;
				SDKROOT = iphoneos;
				SWIFT_COMPILATION_MODE = wholemodule;
				SWIFT_OPTIMIZATION_LEVEL = "-O";
				VALIDATE_PRODUCT = YES;
			};
			name = Release;
		};
		580CE82A2469FE0500399538 /* Debug */ = {
			isa = XCBuildConfiguration;
			baseConfigurationReference = DA468AAE4F5583CC6FF596E9 /* Pods-Parstagram.debug.xcconfig */;
			buildSettings = {
				ASSETCATALOG_COMPILER_APPICON_NAME = AppIcon;
				CODE_SIGN_STYLE = Automatic;
				INFOPLIST_FILE = Parstagram/Info.plist;
				LD_RUNPATH_SEARCH_PATHS = (
					"$(inherited)",
					"@executable_path/Frameworks",
				);
				PRODUCT_BUNDLE_IDENTIFIER = com.mahamalik.Parstagram;
				PRODUCT_NAME = "$(TARGET_NAME)";
				SWIFT_VERSION = 5.0;
				TARGETED_DEVICE_FAMILY = "1,2";
			};
			name = Debug;
		};
		580CE82B2469FE0500399538 /* Release */ = {
			isa = XCBuildConfiguration;
			baseConfigurationReference = 2F9537A19870C538B719004A /* Pods-Parstagram.release.xcconfig */;
			buildSettings = {
				ASSETCATALOG_COMPILER_APPICON_NAME = AppIcon;
				CODE_SIGN_STYLE = Automatic;
				INFOPLIST_FILE = Parstagram/Info.plist;
				LD_RUNPATH_SEARCH_PATHS = (
					"$(inherited)",
					"@executable_path/Frameworks",
				);
				PRODUCT_BUNDLE_IDENTIFIER = com.mahamalik.Parstagram;
				PRODUCT_NAME = "$(TARGET_NAME)";
				SWIFT_VERSION = 5.0;
				TARGETED_DEVICE_FAMILY = "1,2";
			};
			name = Release;
		};
		580CE82D2469FE0500399538 /* Debug */ = {
			isa = XCBuildConfiguration;
			baseConfigurationReference = A08B52FE9C6E0146FD64F6FF /* Pods-ParstagramTests.debug.xcconfig */;
			buildSettings = {
				ALWAYS_EMBED_SWIFT_STANDARD_LIBRARIES = YES;
				BUNDLE_LOADER = "$(TEST_HOST)";
				CODE_SIGN_STYLE = Automatic;
				INFOPLIST_FILE = ParstagramTests/Info.plist;
				IPHONEOS_DEPLOYMENT_TARGET = 13.4;
				LD_RUNPATH_SEARCH_PATHS = (
					"$(inherited)",
					"@executable_path/Frameworks",
					"@loader_path/Frameworks",
				);
				PRODUCT_BUNDLE_IDENTIFIER = com.mahamalik.ParstagramTests;
				PRODUCT_NAME = "$(TARGET_NAME)";
				SWIFT_VERSION = 5.0;
				TARGETED_DEVICE_FAMILY = "1,2";
				TEST_HOST = "$(BUILT_PRODUCTS_DIR)/Parstagram.app/Parstagram";
			};
			name = Debug;
		};
		580CE82E2469FE0500399538 /* Release */ = {
			isa = XCBuildConfiguration;
			baseConfigurationReference = 51948A3288598735A76EC8D3 /* Pods-ParstagramTests.release.xcconfig */;
			buildSettings = {
				ALWAYS_EMBED_SWIFT_STANDARD_LIBRARIES = YES;
				BUNDLE_LOADER = "$(TEST_HOST)";
				CODE_SIGN_STYLE = Automatic;
				INFOPLIST_FILE = ParstagramTests/Info.plist;
				IPHONEOS_DEPLOYMENT_TARGET = 13.4;
				LD_RUNPATH_SEARCH_PATHS = (
					"$(inherited)",
					"@executable_path/Frameworks",
					"@loader_path/Frameworks",
				);
				PRODUCT_BUNDLE_IDENTIFIER = com.mahamalik.ParstagramTests;
				PRODUCT_NAME = "$(TARGET_NAME)";
				SWIFT_VERSION = 5.0;
				TARGETED_DEVICE_FAMILY = "1,2";
				TEST_HOST = "$(BUILT_PRODUCTS_DIR)/Parstagram.app/Parstagram";
			};
			name = Release;
		};
		580CE8302469FE0500399538 /* Debug */ = {
			isa = XCBuildConfiguration;
			baseConfigurationReference = F802BF067B3B43610E5F971E /* Pods-Parstagram-ParstagramUITests.debug.xcconfig */;
			buildSettings = {
				ALWAYS_EMBED_SWIFT_STANDARD_LIBRARIES = YES;
				CODE_SIGN_STYLE = Automatic;
				INFOPLIST_FILE = ParstagramUITests/Info.plist;
				LD_RUNPATH_SEARCH_PATHS = (
					"$(inherited)",
					"@executable_path/Frameworks",
					"@loader_path/Frameworks",
				);
				PRODUCT_BUNDLE_IDENTIFIER = com.mahamalik.ParstagramUITests;
				PRODUCT_NAME = "$(TARGET_NAME)";
				SWIFT_VERSION = 5.0;
				TARGETED_DEVICE_FAMILY = "1,2";
				TEST_TARGET_NAME = Parstagram;
			};
			name = Debug;
		};
		580CE8312469FE0500399538 /* Release */ = {
			isa = XCBuildConfiguration;
			baseConfigurationReference = F7819C72AB080BA0A409C23B /* Pods-Parstagram-ParstagramUITests.release.xcconfig */;
			buildSettings = {
				ALWAYS_EMBED_SWIFT_STANDARD_LIBRARIES = YES;
				CODE_SIGN_STYLE = Automatic;
				INFOPLIST_FILE = ParstagramUITests/Info.plist;
				LD_RUNPATH_SEARCH_PATHS = (
					"$(inherited)",
					"@executable_path/Frameworks",
					"@loader_path/Frameworks",
				);
				PRODUCT_BUNDLE_IDENTIFIER = com.mahamalik.ParstagramUITests;
				PRODUCT_NAME = "$(TARGET_NAME)";
				SWIFT_VERSION = 5.0;
				TARGETED_DEVICE_FAMILY = "1,2";
				TEST_TARGET_NAME = Parstagram;
			};
			name = Release;
		};
/* End XCBuildConfiguration section */

/* Begin XCConfigurationList section */
		580CE7FA2469FDFF00399538 /* Build configuration list for PBXProject "Parstagram" */ = {
			isa = XCConfigurationList;
			buildConfigurations = (
				580CE8272469FE0500399538 /* Debug */,
				580CE8282469FE0500399538 /* Release */,
			);
			defaultConfigurationIsVisible = 0;
			defaultConfigurationName = Release;
		};
		580CE8292469FE0500399538 /* Build configuration list for PBXNativeTarget "Parstagram" */ = {
			isa = XCConfigurationList;
			buildConfigurations = (
				580CE82A2469FE0500399538 /* Debug */,
				580CE82B2469FE0500399538 /* Release */,
			);
			defaultConfigurationIsVisible = 0;
			defaultConfigurationName = Release;
		};
		580CE82C2469FE0500399538 /* Build configuration list for PBXNativeTarget "ParstagramTests" */ = {
			isa = XCConfigurationList;
			buildConfigurations = (
				580CE82D2469FE0500399538 /* Debug */,
				580CE82E2469FE0500399538 /* Release */,
			);
			defaultConfigurationIsVisible = 0;
			defaultConfigurationName = Release;
		};
		580CE82F2469FE0500399538 /* Build configuration list for PBXNativeTarget "ParstagramUITests" */ = {
			isa = XCConfigurationList;
			buildConfigurations = (
				580CE8302469FE0500399538 /* Debug */,
				580CE8312469FE0500399538 /* Release */,
			);
			defaultConfigurationIsVisible = 0;
			defaultConfigurationName = Release;
		};
/* End XCConfigurationList section */
	};
	rootObject = 580CE7F72469FDFF00399538 /* Project object */;
}
