// !$*UTF8*$!
{
	archiveVersion = 1;
	classes = {
	};
	objectVersion = 50;
	objects = {

/* Begin PBXBuildFile section */
		580CE8032469FDFF00399538 /* AppDelegate.swift in Sources */ = {isa = PBXBuildFile; fileRef = 580CE8022469FDFF00399538 /* AppDelegate.swift */; };
		580CE8052469FDFF00399538 /* SceneDelegate.swift in Sources */ = {isa = PBXBuildFile; fileRef = 580CE8042469FDFF00399538 /* SceneDelegate.swift */; };
		580CE8072469FDFF00399538 /* ViewController.swift in Sources */ = {isa = PBXBuildFile; fileRef = 580CE8062469FDFF00399538 /* ViewController.swift */; };
		580CE80A2469FDFF00399538 /* Main.storyboard in Resources */ = {isa = PBXBuildFile; fileRef = 580CE8082469FDFF00399538 /* Main.storyboard */; };
		580CE80C2469FE0500399538 /* Assets.xcassets in Resources */ = {isa = PBXBuildFile; fileRef = 580CE80B2469FE0500399538 /* Assets.xcassets */; };
		580CE80F2469FE0500399538 /* LaunchScreen.storyboard in Resources */ = {isa = PBXBuildFile; fileRef = 580CE80D2469FE0500399538 /* LaunchScreen.storyboard */; };
		580CE81A2469FE0500399538 /* ParstagramTests.swift in Sources */ = {isa = PBXBuildFile; fileRef = 580CE8192469FE0500399538 /* ParstagramTests.swift */; };
		580CE8252469FE0500399538 /* ParstagramUITests.swift in Sources */ = {isa = PBXBuildFile; fileRef = 580CE8242469FE0500399538 /* ParstagramUITests.swift */; };
/* End PBXBuildFile section */

/* Begin PBXContainerItemProxy section */
		580CE8162469FE0500399538 /* PBXContainerItemProxy */ = {
			isa = PBXContainerItemProxy;
			containerPortal = 580CE7F72469FDFF00399538 /* Project object */;
			proxyType = 1;
			remoteGlobalIDString = 580CE7FE2469FDFF00399538;
			remoteInfo = Parstagram;
		};
		580CE8212469FE0500399538 /* PBXContainerItemProxy */ = {
			isa = PBXContainerItemProxy;
			containerPortal = 580CE7F72469FDFF00399538 /* Project object */;
			proxyType = 1;
			remoteGlobalIDString = 580CE7FE2469FDFF00399538;
			remoteInfo = Parstagram;
		};
/* End PBXContainerItemProxy section */

/* Begin PBXFileReference section */
		580CE7FF2469FDFF00399538 /* Parstagram.app */ = {isa = PBXFileReference; explicitFileType = wrapper.application; includeInIndex = 0; path = Parstagram.app; sourceTree = BUILT_PRODUCTS_DIR; };
		580CE8022469FDFF00399538 /* AppDelegate.swift */ = {isa = PBXFileReference; lastKnownFileType = sourcecode.swift; path = AppDelegate.swift; sourceTree = "<group>"; };
		580CE8042469FDFF00399538 /* SceneDelegate.swift */ = {isa = PBXFileReference; lastKnownFileType = sourcecode.swift; path = SceneDelegate.swift; sourceTree = "<group>"; };
		580CE8062469FDFF00399538 /* ViewController.swift */ = {isa = PBXFileReference; lastKnownFileType = sourcecode.swift; path = ViewController.swift; sourceTree = "<group>"; };
		580CE8092469FDFF00399538 /* Base */ = {isa = PBXFileReference; lastKnownFileType = file.storyboard; name = Base; path = Base.lproj/Main.storyboard; sourceTree = "<group>"; };
		580CE80B2469FE0500399538 /* Assets.xcassets */ = {isa = PBXFileReference; lastKnownFileType = folder.assetcatalog; path = Assets.xcassets; sourceTree = "<group>"; };
		580CE80E2469FE0500399538 /* Base */ = {isa = PBXFileReference; lastKnownFileType = file.storyboard; name = Base; path = Base.lproj/LaunchScreen.storyboard; sourceTree = "<group>"; };
		580CE8102469FE0500399538 /* Info.plist */ = {isa = PBXFileReference; lastKnownFileType = text.plist.xml; path = Info.plist; sourceTree = "<group>"; };
		580CE8152469FE0500399538 /* ParstagramTests.xctest */ = {isa = PBXFileReference; explicitFileType = wrapper.cfbundle; includeInIndex = 0; path = ParstagramTests.xctest; sourceTree = BUILT_PRODUCTS_DIR; };
		580CE8192469FE0500399538 /* ParstagramTests.swift */ = {isa = PBXFileReference; lastKnownFileType = sourcecode.swift; path = ParstagramTests.swift; sourceTree = "<group>"; };
		580CE81B2469FE0500399538 /* Info.plist */ = {isa = PBXFileReference; lastKnownFileType = text.plist.xml; path = Info.plist; sourceTree = "<group>"; };
		580CE8202469FE0500399538 /* ParstagramUITests.xctest */ = {isa = PBXFileReference; explicitFileType = wrapper.cfbundle; includeInIndex = 0; path = ParstagramUITests.xctest; sourceTree = BUILT_PRODUCTS_DIR; };
		580CE8242469FE0500399538 /* ParstagramUITests.swift */ = {isa = PBXFileReference; lastKnownFileType = sourcecode.swift; path = ParstagramUITests.swift; sourceTree = "<group>"; };
		580CE8262469FE0500399538 /* Info.plist */ = {isa = PBXFileReference; lastKnownFileType = text.plist.xml; path = Info.plist; sourceTree = "<group>"; };
/* End PBXFileReference section */

/* Begin PBXFrameworksBuildPhase section */
		580CE7FC2469FDFF00399538 /* Frameworks */ = {
			isa = PBXFrameworksBuildPhase;
			buildActionMask = 2147483647;
			files = (
			);
			runOnlyForDeploymentPostprocessing = 0;
		};
		580CE8122469FE0500399538 /* Frameworks */ = {
			isa = PBXFrameworksBuildPhase;
			buildActionMask = 2147483647;
			files = (
			);
			runOnlyForDeploymentPostprocessing = 0;
		};
		580CE81D2469FE0500399538 /* Frameworks */ = {
			isa = PBXFrameworksBuildPhase;
			buildActionMask = 2147483647;
			files = (
			);
			runOnlyForDeploymentPostprocessing = 0;
		};
/* End PBXFrameworksBuildPhase section */

/* Begin PBXGroup section */
		580CE7F62469FDFF00399538 = {
			isa = PBXGroup;
			children = (
				580CE8012469FDFF00399538 /* Parstagram */,
				580CE8182469FE0500399538 /* ParstagramTests */,
				580CE8232469FE0500399538 /* ParstagramUITests */,
				580CE8002469FDFF00399538 /* Products */,
			);
			sourceTree = "<group>";
		};
		580CE8002469FDFF00399538 /* Products */ = {
			isa = PBXGroup;
			children = (
				580CE7FF2469FDFF00399538 /* Parstagram.app */,
				580CE8152469FE0500399538 /* ParstagramTests.xctest */,
				580CE8202469FE0500399538 /* ParstagramUITests.xctest */,
			);
			name = Products;
			sourceTree = "<group>";
		};
		580CE8012469FDFF00399538 /* Parstagram */ = {
			isa = PBXGroup;
			children = (
				580CE8022469FDFF00399538 /* AppDelegate.swift */,
				580CE8042469FDFF00399538 /* SceneDelegate.swift */,
				580CE8062469FDFF00399538 /* ViewController.swift */,
				580CE8082469FDFF00399538 /* Main.storyboard */,
				580CE80B2469FE0500399538 /* Assets.xcassets */,
				580CE80D2469FE0500399538 /* LaunchScreen.storyboard */,
				580CE8102469FE0500399538 /* Info.plist */,
			);
			path = Parstagram;
			sourceTree = "<group>";
		};
		580CE8182469FE0500399538 /* ParstagramTests */ = {
			isa = PBXGroup;
			children = (
				580CE8192469FE0500399538 /* ParstagramTests.swift */,
				580CE81B2469FE0500399538 /* Info.plist */,
			);
			path = ParstagramTests;
			sourceTree = "<group>";
		};
		580CE8232469FE0500399538 /* ParstagramUITests */ = {
			isa = PBXGroup;
			children = (
				580CE8242469FE0500399538 /* ParstagramUITests.swift */,
				580CE8262469FE0500399538 /* Info.plist */,
			);
			path = ParstagramUITests;
			sourceTree = "<group>";
		};
/* End PBXGroup section */

/* Begin PBXNativeTarget section */
		580CE7FE2469FDFF00399538 /* Parstagram */ = {
			isa = PBXNativeTarget;
			buildConfigurationList = 580CE8292469FE0500399538 /* Build configuration list for PBXNativeTarget "Parstagram" */;
			buildPhases = (
				580CE7FB2469FDFF00399538 /* Sources */,
				580CE7FC2469FDFF00399538 /* Frameworks */,
				580CE7FD2469FDFF00399538 /* Resources */,
			);
			buildRules = (
			);
			dependencies = (
			);
			name = Parstagram;
			productName = Parstagram;
			productReference = 580CE7FF2469FDFF00399538 /* Parstagram.app */;
			productType = "com.apple.product-type.application";
		};
		580CE8142469FE0500399538 /* ParstagramTests */ = {
			isa = PBXNativeTarget;
			buildConfigurationList = 580CE82C2469FE0500399538 /* Build configuration list for PBXNativeTarget "ParstagramTests" */;
			buildPhases = (
				580CE8112469FE0500399538 /* Sources */,
				580CE8122469FE0500399538 /* Frameworks */,
				580CE8132469FE0500399538 /* Resources */,
			);
			buildRules = (
			);
			dependencies = (
				580CE8172469FE0500399538 /* PBXTargetDependency */,
			);
			name = ParstagramTests;
			productName = ParstagramTests;
			productReference = 580CE8152469FE0500399538 /* ParstagramTests.xctest */;
			productType = "com.apple.product-type.bundle.unit-test";
		};
		580CE81F2469FE0500399538 /* ParstagramUITests */ = {
			isa = PBXNativeTarget;
			buildConfigurationList = 580CE82F2469FE0500399538 /* Build configuration list for PBXNativeTarget "ParstagramUITests" */;
			buildPhases = (
				580CE81C2469FE0500399538 /* Sources */,
				580CE81D2469FE0500399538 /* Frameworks */,
				580CE81E2469FE0500399538 /* Resources */,
			);
			buildRules = (
			);
			dependencies = (
				580CE8222469FE0500399538 /* PBXTargetDependency */,
			);
			name = ParstagramUITests;
			productName = ParstagramUITests;
			productReference = 580CE8202469FE0500399538 /* ParstagramUITests.xctest */;
			productType = "com.apple.product-type.bundle.ui-testing";
		};
/* End PBXNativeTarget section */

/* Begin PBXProject section */
		580CE7F72469FDFF00399538 /* Project object */ = {
			isa = PBXProject;
			attributes = {
				LastSwiftUpdateCheck = 1140;
				LastUpgradeCheck = 1140;
				ORGANIZATIONNAME = "Maha Malik";
				TargetAttributes = {
					580CE7FE2469FDFF00399538 = {
						CreatedOnToolsVersion = 11.4;
					};
					580CE8142469FE0500399538 = {
						CreatedOnToolsVersion = 11.4;
						TestTargetID = 580CE7FE2469FDFF00399538;
					};
					580CE81F2469FE0500399538 = {
						CreatedOnToolsVersion = 11.4;
						TestTargetID = 580CE7FE2469FDFF00399538;
					};
				};
			};
			buildConfigurationList = 580CE7FA2469FDFF00399538 /* Build configuration list for PBXProject "Parstagram" */;
			compatibilityVersion = "Xcode 9.3";
			developmentRegion = en;
			hasScannedForEncodings = 0;
			knownRegions = (
				en,
				Base,
			);
			mainGroup = 580CE7F62469FDFF00399538;
			productRefGroup = 580CE8002469FDFF00399538 /* Products */;
			projectDirPath = "";
			projectRoot = "";
			targets = (
				580CE7FE2469FDFF00399538 /* Parstagram */,
				580CE8142469FE0500399538 /* ParstagramTests */,
				580CE81F2469FE0500399538 /* ParstagramUITests */,
			);
		};
/* End PBXProject section */

/* Begin PBXResourcesBuildPhase section */
		580CE7FD2469FDFF00399538 /* Resources */ = {
			isa = PBXResourcesBuildPhase;
			buildActionMask = 2147483647;
			files = (
				580CE80F2469FE0500399538 /* LaunchScreen.storyboard in Resources */,
				580CE80C2469FE0500399538 /* Assets.xcassets in Resources */,
				580CE80A2469FDFF00399538 /* Main.storyboard in Resources */,
			);
			runOnlyForDeploymentPostprocessing = 0;
		};
		580CE8132469FE0500399538 /* Resources */ = {
			isa = PBXResourcesBuildPhase;
			buildActionMask = 2147483647;
			files = (
			);
			runOnlyForDeploymentPostprocessing = 0;
		};
		580CE81E2469FE0500399538 /* Resources */ = {
			isa = PBXResourcesBuildPhase;
			buildActionMask = 2147483647;
			files = (
			);
			runOnlyForDeploymentPostprocessing = 0;
		};
/* End PBXResourcesBuildPhase section */

/* Begin PBXSourcesBuildPhase section */
		580CE7FB2469FDFF00399538 /* Sources */ = {
			isa = PBXSourcesBuildPhase;
			buildActionMask = 2147483647;
			files = (
				580CE8072469FDFF00399538 /* ViewController.swift in Sources */,
				580CE8032469FDFF00399538 /* AppDelegate.swift in Sources */,
				580CE8052469FDFF00399538 /* SceneDelegate.swift in Sources */,
			);
			runOnlyForDeploymentPostprocessing = 0;
		};
		580CE8112469FE0500399538 /* Sources */ = {
			isa = PBXSourcesBuildPhase;
			buildActionMask = 2147483647;
			files = (
				580CE81A2469FE0500399538 /* ParstagramTests.swift in Sources */,
			);
			runOnlyForDeploymentPostprocessing = 0;
		};
		580CE81C2469FE0500399538 /* Sources */ = {
			isa = PBXSourcesBuildPhase;
			buildActionMask = 2147483647;
			files = (
				580CE8252469FE0500399538 /* ParstagramUITests.swift in Sources */,
			);
			runOnlyForDeploymentPostprocessing = 0;
		};
/* End PBXSourcesBuildPhase section */

/* Begin PBXTargetDependency section */
		580CE8172469FE0500399538 /* PBXTargetDependency */ = {
			isa = PBXTargetDependency;
			target = 580CE7FE2469FDFF00399538 /* Parstagram */;
			targetProxy = 580CE8162469FE0500399538 /* PBXContainerItemProxy */;
		};
		580CE8222469FE0500399538 /* PBXTargetDependency */ = {
			isa = PBXTargetDependency;
			target = 580CE7FE2469FDFF00399538 /* Parstagram */;
			targetProxy = 580CE8212469FE0500399538 /* PBXContainerItemProxy */;
		};
/* End PBXTargetDependency section */

/* Begin PBXVariantGroup section */
		580CE8082469FDFF00399538 /* Main.storyboard */ = {
			isa = PBXVariantGroup;
			children = (
				580CE8092469FDFF00399538 /* Base */,
			);
			name = Main.storyboard;
			sourceTree = "<group>";
		};
		580CE80D2469FE0500399538 /* LaunchScreen.storyboard */ = {
			isa = PBXVariantGroup;
			children = (
				580CE80E2469FE0500399538 /* Base */,
			);
			name = LaunchScreen.storyboard;
			sourceTree = "<group>";
		};
/* End PBXVariantGroup section */

/* Begin XCBuildConfiguration section */
		580CE8272469FE0500399538 /* Debug */ = {
			isa = XCBuildConfiguration;
			buildSettings = {
				ALWAYS_SEARCH_USER_PATHS = NO;
				CLANG_ANALYZER_NONNULL = YES;
				CLANG_ANALYZER_NUMBER_OBJECT_CONVERSION = YES_AGGRESSIVE;
				CLANG_CXX_LANGUAGE_STANDARD = "gnu++14";
				CLANG_CXX_LIBRARY = "libc++";
				CLANG_ENABLE_MODULES = YES;
				CLANG_ENABLE_OBJC_ARC = YES;
				CLANG_ENABLE_OBJC_WEAK = YES;
				CLANG_WARN_BLOCK_CAPTURE_AUTORELEASING = YES;
				CLANG_WARN_BOOL_CONVERSION = YES;
				CLANG_WARN_COMMA = YES;
				CLANG_WARN_CONSTANT_CONVERSION = YES;
				CLANG_WARN_DEPRECATED_OBJC_IMPLEMENTATIONS = YES;
				CLANG_WARN_DIRECT_OBJC_ISA_USAGE = YES_ERROR;
				CLANG_WARN_DOCUMENTATION_COMMENTS = YES;
				CLANG_WARN_EMPTY_BODY = YES;
				CLANG_WARN_ENUM_CONVERSION = YES;
				CLANG_WARN_INFINITE_RECURSION = YES;
				CLANG_WARN_INT_CONVERSION = YES;
				CLANG_WARN_NON_LITERAL_NULL_CONVERSION = YES;
				CLANG_WARN_OBJC_IMPLICIT_RETAIN_SELF = YES;
				CLANG_WARN_OBJC_LITERAL_CONVERSION = YES;
				CLANG_WARN_OBJC_ROOT_CLASS = YES_ERROR;
				CLANG_WARN_RANGE_LOOP_ANALYSIS = YES;
				CLANG_WARN_STRICT_PROTOTYPES = YES;
				CLANG_WARN_SUSPICIOUS_MOVE = YES;
				CLANG_WARN_UNGUARDED_AVAILABILITY = YES_AGGRESSIVE;
				CLANG_WARN_UNREACHABLE_CODE = YES;
				CLANG_WARN__DUPLICATE_METHOD_MATCH = YES;
				COPY_PHASE_STRIP = NO;
				DEBUG_INFORMATION_FORMAT = dwarf;
				ENABLE_STRICT_OBJC_MSGSEND = YES;
				ENABLE_TESTABILITY = YES;
				GCC_C_LANGUAGE_STANDARD = gnu11;
				GCC_DYNAMIC_NO_PIC = NO;
				GCC_NO_COMMON_BLOCKS = YES;
				GCC_OPTIMIZATION_LEVEL = 0;
				GCC_PREPROCESSOR_DEFINITIONS = (
					"DEBUG=1",
					"$(inherited)",
				);
				GCC_WARN_64_TO_32_BIT_CONVERSION = YES;
				GCC_WARN_ABOUT_RETURN_TYPE = YES_ERROR;
				GCC_WARN_UNDECLARED_SELECTOR = YES;
				GCC_WARN_UNINITIALIZED_AUTOS = YES_AGGRESSIVE;
				GCC_WARN_UNUSED_FUNCTION = YES;
				GCC_WARN_UNUSED_VARIABLE = YES;
				IPHONEOS_DEPLOYMENT_TARGET = 13.4;
				MTL_ENABLE_DEBUG_INFO = INCLUDE_SOURCE;
				MTL_FAST_MATH = YES;
				ONLY_ACTIVE_ARCH = YES;
				SDKROOT = iphoneos;
				SWIFT_ACTIVE_COMPILATION_CONDITIONS = DEBUG;
				SWIFT_OPTIMIZATION_LEVEL = "-Onone";
			};
			name = Debug;
		};
		580CE8282469FE0500399538 /* Release */ = {
			isa = XCBuildConfiguration;
			buildSettings = {
				ALWAYS_SEARCH_USER_PATHS = NO;
				CLANG_ANALYZER_NONNULL = YES;
				CLANG_ANALYZER_NUMBER_OBJECT_CONVERSION = YES_AGGRESSIVE;
				CLANG_CXX_LANGUAGE_STANDARD = "gnu++14";
				CLANG_CXX_LIBRARY = "libc++";
				CLANG_ENABLE_MODULES = YES;
				CLANG_ENABLE_OBJC_ARC = YES;
				CLANG_ENABLE_OBJC_WEAK = YES;
				CLANG_WARN_BLOCK_CAPTURE_AUTORELEASING = YES;
				CLANG_WARN_BOOL_CONVERSION = YES;
				CLANG_WARN_COMMA = YES;
				CLANG_WARN_CONSTANT_CONVERSION = YES;
				CLANG_WARN_DEPRECATED_OBJC_IMPLEMENTATIONS = YES;
				CLANG_WARN_DIRECT_OBJC_ISA_USAGE = YES_ERROR;
				CLANG_WARN_DOCUMENTATION_COMMENTS = YES;
				CLANG_WARN_EMPTY_BODY = YES;
				CLANG_WARN_ENUM_CONVERSION = YES;
				CLANG_WARN_INFINITE_RECURSION = YES;
				CLANG_WARN_INT_CONVERSION = YES;
				CLANG_WARN_NON_LITERAL_NULL_CONVERSION = YES;
				CLANG_WARN_OBJC_IMPLICIT_RETAIN_SELF = YES;
				CLANG_WARN_OBJC_LITERAL_CONVERSION = YES;
				CLANG_WARN_OBJC_ROOT_CLASS = YES_ERROR;
				CLANG_WARN_RANGE_LOOP_ANALYSIS = YES;
				CLANG_WARN_STRICT_PROTOTYPES = YES;
				CLANG_WARN_SUSPICIOUS_MOVE = YES;
				CLANG_WARN_UNGUARDED_AVAILABILITY = YES_AGGRESSIVE;
				CLANG_WARN_UNREACHABLE_CODE = YES;
				CLANG_WARN__DUPLICATE_METHOD_MATCH = YES;
				COPY_PHASE_STRIP = NO;
				DEBUG_INFORMATION_FORMAT = "dwarf-with-dsym";
				ENABLE_NS_ASSERTIONS = NO;
				ENABLE_STRICT_OBJC_MSGSEND = YES;
				GCC_C_LANGUAGE_STANDARD = gnu11;
				GCC_NO_COMMON_BLOCKS = YES;
				GCC_WARN_64_TO_32_BIT_CONVERSION = YES;
				GCC_WARN_ABOUT_RETURN_TYPE = YES_ERROR;
				GCC_WARN_UNDECLARED_SELECTOR = YES;
				GCC_WARN_UNINITIALIZED_AUTOS = YES_AGGRESSIVE;
				GCC_WARN_UNUSED_FUNCTION = YES;
				GCC_WARN_UNUSED_VARIABLE = YES;
				IPHONEOS_DEPLOYMENT_TARGET = 13.4;
				MTL_ENABLE_DEBUG_INFO = NO;
				MTL_FAST_MATH = YES;
				SDKROOT = iphoneos;
				SWIFT_COMPILATION_MODE = wholemodule;
				SWIFT_OPTIMIZATION_LEVEL = "-O";
				VALIDATE_PRODUCT = YES;
			};
			name = Release;
		};
		580CE82A2469FE0500399538 /* Debug */ = {
			isa = XCBuildConfiguration;
			buildSettings = {
				ASSETCATALOG_COMPILER_APPICON_NAME = AppIcon;
				CODE_SIGN_STYLE = Automatic;
				INFOPLIST_FILE = Parstagram/Info.plist;
				LD_RUNPATH_SEARCH_PATHS = (
					"$(inherited)",
					"@executable_path/Frameworks",
				);
				PRODUCT_BUNDLE_IDENTIFIER = com.mahamalik.Parstagram;
				PRODUCT_NAME = "$(TARGET_NAME)";
				SWIFT_VERSION = 5.0;
				TARGETED_DEVICE_FAMILY = "1,2";
			};
			name = Debug;
		};
		580CE82B2469FE0500399538 /* Release */ = {
			isa = XCBuildConfiguration;
			buildSettings = {
				ASSETCATALOG_COMPILER_APPICON_NAME = AppIcon;
				CODE_SIGN_STYLE = Automatic;
				INFOPLIST_FILE = Parstagram/Info.plist;
				LD_RUNPATH_SEARCH_PATHS = (
					"$(inherited)",
					"@executable_path/Frameworks",
				);
				PRODUCT_BUNDLE_IDENTIFIER = com.mahamalik.Parstagram;
				PRODUCT_NAME = "$(TARGET_NAME)";
				SWIFT_VERSION = 5.0;
				TARGETED_DEVICE_FAMILY = "1,2";
			};
			name = Release;
		};
		580CE82D2469FE0500399538 /* Debug */ = {
			isa = XCBuildConfiguration;
			buildSettings = {
				ALWAYS_EMBED_SWIFT_STANDARD_LIBRARIES = YES;
				BUNDLE_LOADER = "$(TEST_HOST)";
				CODE_SIGN_STYLE = Automatic;
				INFOPLIST_FILE = ParstagramTests/Info.plist;
				IPHONEOS_DEPLOYMENT_TARGET = 13.4;
				LD_RUNPATH_SEARCH_PATHS = (
					"$(inherited)",
					"@executable_path/Frameworks",
					"@loader_path/Frameworks",
				);
				PRODUCT_BUNDLE_IDENTIFIER = com.mahamalik.ParstagramTests;
				PRODUCT_NAME = "$(TARGET_NAME)";
				SWIFT_VERSION = 5.0;
				TARGETED_DEVICE_FAMILY = "1,2";
				TEST_HOST = "$(BUILT_PRODUCTS_DIR)/Parstagram.app/Parstagram";
			};
			name = Debug;
		};
		580CE82E2469FE0500399538 /* Release */ = {
			isa = XCBuildConfiguration;
			buildSettings = {
				ALWAYS_EMBED_SWIFT_STANDARD_LIBRARIES = YES;
				BUNDLE_LOADER = "$(TEST_HOST)";
				CODE_SIGN_STYLE = Automatic;
				INFOPLIST_FILE = ParstagramTests/Info.plist;
				IPHONEOS_DEPLOYMENT_TARGET = 13.4;
				LD_RUNPATH_SEARCH_PATHS = (
					"$(inherited)",
					"@executable_path/Frameworks",
					"@loader_path/Frameworks",
				);
				PRODUCT_BUNDLE_IDENTIFIER = com.mahamalik.ParstagramTests;
				PRODUCT_NAME = "$(TARGET_NAME)";
				SWIFT_VERSION = 5.0;
				TARGETED_DEVICE_FAMILY = "1,2";
				TEST_HOST = "$(BUILT_PRODUCTS_DIR)/Parstagram.app/Parstagram";
			};
			name = Release;
		};
		580CE8302469FE0500399538 /* Debug */ = {
			isa = XCBuildConfiguration;
			buildSettings = {
				ALWAYS_EMBED_SWIFT_STANDARD_LIBRARIES = YES;
				CODE_SIGN_STYLE = Automatic;
				INFOPLIST_FILE = ParstagramUITests/Info.plist;
				LD_RUNPATH_SEARCH_PATHS = (
					"$(inherited)",
					"@executable_path/Frameworks",
					"@loader_path/Frameworks",
				);
				PRODUCT_BUNDLE_IDENTIFIER = com.mahamalik.ParstagramUITests;
				PRODUCT_NAME = "$(TARGET_NAME)";
				SWIFT_VERSION = 5.0;
				TARGETED_DEVICE_FAMILY = "1,2";
				TEST_TARGET_NAME = Parstagram;
			};
			name = Debug;
		};
		580CE8312469FE0500399538 /* Release */ = {
			isa = XCBuildConfiguration;
			buildSettings = {
				ALWAYS_EMBED_SWIFT_STANDARD_LIBRARIES = YES;
				CODE_SIGN_STYLE = Automatic;
				INFOPLIST_FILE = ParstagramUITests/Info.plist;
				LD_RUNPATH_SEARCH_PATHS = (
					"$(inherited)",
					"@executable_path/Frameworks",
					"@loader_path/Frameworks",
				);
				PRODUCT_BUNDLE_IDENTIFIER = com.mahamalik.ParstagramUITests;
				PRODUCT_NAME = "$(TARGET_NAME)";
				SWIFT_VERSION = 5.0;
				TARGETED_DEVICE_FAMILY = "1,2";
				TEST_TARGET_NAME = Parstagram;
			};
			name = Release;
		};
/* End XCBuildConfiguration section */

/* Begin XCConfigurationList section */
		580CE7FA2469FDFF00399538 /* Build configuration list for PBXProject "Parstagram" */ = {
			isa = XCConfigurationList;
			buildConfigurations = (
				580CE8272469FE0500399538 /* Debug */,
				580CE8282469FE0500399538 /* Release */,
			);
			defaultConfigurationIsVisible = 0;
			defaultConfigurationName = Release;
		};
		580CE8292469FE0500399538 /* Build configuration list for PBXNativeTarget "Parstagram" */ = {
			isa = XCConfigurationList;
			buildConfigurations = (
				580CE82A2469FE0500399538 /* Debug */,
				580CE82B2469FE0500399538 /* Release */,
			);
			defaultConfigurationIsVisible = 0;
			defaultConfigurationName = Release;
		};
		580CE82C2469FE0500399538 /* Build configuration list for PBXNativeTarget "ParstagramTests" */ = {
			isa = XCConfigurationList;
			buildConfigurations = (
				580CE82D2469FE0500399538 /* Debug */,
				580CE82E2469FE0500399538 /* Release */,
			);
			defaultConfigurationIsVisible = 0;
			defaultConfigurationName = Release;
		};
		580CE82F2469FE0500399538 /* Build configuration list for PBXNativeTarget "ParstagramUITests" */ = {
			isa = XCConfigurationList;
			buildConfigurations = (
				580CE8302469FE0500399538 /* Debug */,
				580CE8312469FE0500399538 /* Release */,
			);
			defaultConfigurationIsVisible = 0;
			defaultConfigurationName = Release;
		};
/* End XCConfigurationList section */
	};
	rootObject = 580CE7F72469FDFF00399538 /* Project object */;
}
